
Microsoft Visual Studio Solution File, Format Version 12.00
# Visual Studio 15
VisualStudioVersion = 15.0.26730.16
MinimumVisualStudioVersion = 10.0.40219.1
Project("{FAE04EC0-301F-11D3-BF4B-00C04F79EFBC}") = "ProductApp", "ProductApp\ProductApp.csproj", "{467E3C36-1FA2-464B-9743-33954AA467D0}"
EndProject
Global
	GlobalSection(SolutionConfigurationPlatforms) = preSolution
		Debug|Any CPU = Debug|Any CPU
		Release|Any CPU = Release|Any CPU
	EndGlobalSection
	GlobalSection(ProjectConfigurationPlatforms) = postSolution
		{467E3C36-1FA2-464B-9743-33954AA467D0}.Debug|Any CPU.ActiveCfg = Debug|Any CPU
		{467E3C36-1FA2-464B-9743-33954AA467D0}.Debug|Any CPU.Build.0 = Debug|Any CPU
		{467E3C36-1FA2-464B-9743-33954AA467D0}.Release|Any CPU.ActiveCfg = Release|Any CPU
		{467E3C36-1FA2-464B-9743-33954AA467D0}.Release|Any CPU.Build.0 = Release|Any CPU
	EndGlobalSection
	GlobalSection(SolutionProperties) = preSolution
		HideSolutionNode = FALSE
	EndGlobalSection
	GlobalSection(ExtensibilityGlobals) = postSolution
		SolutionGuid = {7198B39A-48D8-41D5-B40C-FEB58EB25919}
	EndGlobalSection
EndGlobal
